
Microsoft Visual Studio Solution File, Format Version 12.00
# Visual Studio 15
VisualStudioVersion = 15.0.26430.16
MinimumVisualStudioVersion = 10.0.40219.1
Project("{FAE04EC0-301F-11D3-BF4B-00C04F79EFBC}") = "IngredientCalculator", "IngredientCalculator\IngredientCalculator.csproj", "{53D91D0D-D43B-4A94-ACBF-172E69CDF2D9}"
EndProject
Project("{FAE04EC0-301F-11D3-BF4B-00C04F79EFBC}") = "IngredientCalculator.Test", "IngredientCalculatorTests\IngredientCalculator.Test.csproj", "{23AF2907-8F98-4CA3-B42E-880A4D09DFF0}"
EndProject
Project("{2150E333-8FDC-42A3-9474-1A3956D46DE8}") = "UnitTests", "UnitTests", "{547483BB-0A48-44A9-B062-C241479F2AC9}"
EndProject
Project("{FAE04EC0-301F-11D3-BF4B-00C04F79EFBC}") = "IngredientCalculatorUserInterface", "IngredientCalculatorUserInterface\IngredientCalculatorUserInterface.csproj", "{53757B57-583E-4967-805A-AC5BC4F7C76A}"
EndProject
Global
	GlobalSection(SolutionConfigurationPlatforms) = preSolution
		Debug|Any CPU = Debug|Any CPU
		Release|Any CPU = Release|Any CPU
	EndGlobalSection
	GlobalSection(ProjectConfigurationPlatforms) = postSolution
		{53D91D0D-D43B-4A94-ACBF-172E69CDF2D9}.Debug|Any CPU.ActiveCfg = Debug|Any CPU
		{53D91D0D-D43B-4A94-ACBF-172E69CDF2D9}.Debug|Any CPU.Build.0 = Debug|Any CPU
		{53D91D0D-D43B-4A94-ACBF-172E69CDF2D9}.Release|Any CPU.ActiveCfg = Release|Any CPU
		{53D91D0D-D43B-4A94-ACBF-172E69CDF2D9}.Release|Any CPU.Build.0 = Release|Any CPU
		{23AF2907-8F98-4CA3-B42E-880A4D09DFF0}.Debug|Any CPU.ActiveCfg = Debug|Any CPU
		{23AF2907-8F98-4CA3-B42E-880A4D09DFF0}.Debug|Any CPU.Build.0 = Debug|Any CPU
		{23AF2907-8F98-4CA3-B42E-880A4D09DFF0}.Release|Any CPU.ActiveCfg = Release|Any CPU
		{23AF2907-8F98-4CA3-B42E-880A4D09DFF0}.Release|Any CPU.Build.0 = Release|Any CPU
		{53757B57-583E-4967-805A-AC5BC4F7C76A}.Debug|Any CPU.ActiveCfg = Debug|Any CPU
		{53757B57-583E-4967-805A-AC5BC4F7C76A}.Debug|Any CPU.Build.0 = Debug|Any CPU
		{53757B57-583E-4967-805A-AC5BC4F7C76A}.Release|Any CPU.ActiveCfg = Release|Any CPU
		{53757B57-583E-4967-805A-AC5BC4F7C76A}.Release|Any CPU.Build.0 = Release|Any CPU
	EndGlobalSection
	GlobalSection(SolutionProperties) = preSolution
		HideSolutionNode = FALSE
	EndGlobalSection
	GlobalSection(NestedProjects) = preSolution
		{23AF2907-8F98-4CA3-B42E-880A4D09DFF0} = {547483BB-0A48-44A9-B062-C241479F2AC9}
	EndGlobalSection
EndGlobal
